
Microsoft Visual Studio Solution File, Format Version 12.00
# Visual Studio 15
VisualStudioVersion = 15.0.27130.2024
MinimumVisualStudioVersion = 10.0.40219.1
Project("{FAE04EC0-301F-11D3-BF4B-00C04F79EFBC}") = "imbNLP.Core", "imbNLP.Core\imbNLP.Core.csproj", "{F9D07EFC-790D-4497-A81D-54B7C61EED07}"
EndProject
Project("{FAE04EC0-301F-11D3-BF4B-00C04F79EFBC}") = "imbNLP.Data", "imbNLP.Data\imbNLP.Data.csproj", "{D4EA4257-315C-44E0-BB0C-3FC24ECB9ECD}"
EndProject
Project("{FAE04EC0-301F-11D3-BF4B-00C04F79EFBC}") = "imbNLP.Tools", "imbNLP.Tools\imbNLP.Tools.csproj", "{3B532B56-5D18-4D0E-B6BA-1DE205605307}"
EndProject
Project("{2150E333-8FDC-42A3-9474-1A3956D46DE8}") = ".NuGetPack", ".NuGetPack", "{9569BF42-5401-4A89-B58B-919C02C01D4F}"
	ProjectSection(SolutionItems) = preProject
		.NuGetPack\NuGet.exe = .NuGetPack\NuGet.exe
		.NuGetPack\NuGetPack.exe = .NuGetPack\NuGetPack.exe
	EndProjectSection
EndProject
Project("{FAE04EC0-301F-11D3-BF4B-00C04F79EFBC}") = "imbNLP.Transliteration", "imbNLP.Transliteration\imbNLP.Transliteration.csproj", "{DD2C4D78-77E8-480B-A0A2-B51A6BF3808E}"
EndProject
Project("{FAE04EC0-301F-11D3-BF4B-00C04F79EFBC}") = "imbNLP.PartOfSpeech", "imbNLP.PartOfSpeech\imbNLP.PartOfSpeech.csproj", "{3F7D6E9B-9442-47DB-AC2E-3BFE38E644D5}"
EndProject
Project("{FAE04EC0-301F-11D3-BF4B-00C04F79EFBC}") = "imbNLP.Transliteration.NuGet", "imbNLP.Transliteration.NuGet\imbNLP.Transliteration.NuGet.csproj", "{987FC11E-7199-4720-8BAD-9A5E152499E9}"
EndProject
Project("{FAE04EC0-301F-11D3-BF4B-00C04F79EFBC}") = "imbNLP.CoreAndData.NuGet", "imbNLP.CoreAndData.NuGet1\imbNLP.CoreAndData.NuGet.csproj", "{AEA3D3AD-56C4-4811-806B-DE563E248138}"
EndProject
Project("{FAE04EC0-301F-11D3-BF4B-00C04F79EFBC}") = "imbNLP.PartOfSpeech.NuGet", "imbNLP.PartOfSpeech.NuGet\imbNLP.PartOfSpeech.NuGet.csproj", "{A7FF5A94-F239-464F-BE76-4F93E071044A}"
EndProject
Project("{7CF6DF6D-3B04-46F8-A40B-537D21BCA0B4}") = "imbNLP", "..\imbSCI.Documentation\imbNLP\imbNLP.shfbproj", "{AB145693-D96C-43DD-9573-CA7BE27625D4}"
EndProject
Project("{FAE04EC0-301F-11D3-BF4B-00C04F79EFBC}") = "imbNLP.TestUnit", "imbNLP.TestUnit\imbNLP.TestUnit.csproj", "{7E75CCB0-09C8-477A-8BD7-36B1814429EC}"
EndProject
Global
	GlobalSection(SolutionConfigurationPlatforms) = preSolution
		Debug|Any CPU = Debug|Any CPU
		DebugCoreFramework|Any CPU = DebugCoreFramework|Any CPU
		DebugOptimized|Any CPU = DebugOptimized|Any CPU
		DebugScienceAnalytics|Any CPU = DebugScienceAnalytics|Any CPU
		Release|Any CPU = Release|Any CPU
		test|Any CPU = test|Any CPU
	EndGlobalSection
	GlobalSection(ProjectConfigurationPlatforms) = postSolution
		{F9D07EFC-790D-4497-A81D-54B7C61EED07}.Debug|Any CPU.ActiveCfg = Debug|Any CPU
		{F9D07EFC-790D-4497-A81D-54B7C61EED07}.Debug|Any CPU.Build.0 = Debug|Any CPU
		{F9D07EFC-790D-4497-A81D-54B7C61EED07}.DebugCoreFramework|Any CPU.ActiveCfg = Debug|Any CPU
		{F9D07EFC-790D-4497-A81D-54B7C61EED07}.DebugCoreFramework|Any CPU.Build.0 = Debug|Any CPU
		{F9D07EFC-790D-4497-A81D-54B7C61EED07}.DebugOptimized|Any CPU.ActiveCfg = Debug|Any CPU
		{F9D07EFC-790D-4497-A81D-54B7C61EED07}.DebugOptimized|Any CPU.Build.0 = Debug|Any CPU
		{F9D07EFC-790D-4497-A81D-54B7C61EED07}.DebugScienceAnalytics|Any CPU.ActiveCfg = Debug|Any CPU
		{F9D07EFC-790D-4497-A81D-54B7C61EED07}.DebugScienceAnalytics|Any CPU.Build.0 = Debug|Any CPU
		{F9D07EFC-790D-4497-A81D-54B7C61EED07}.Release|Any CPU.ActiveCfg = Release|Any CPU
		{F9D07EFC-790D-4497-A81D-54B7C61EED07}.Release|Any CPU.Build.0 = Release|Any CPU
		{F9D07EFC-790D-4497-A81D-54B7C61EED07}.test|Any CPU.ActiveCfg = Release|Any CPU
		{F9D07EFC-790D-4497-A81D-54B7C61EED07}.test|Any CPU.Build.0 = Release|Any CPU
		{D4EA4257-315C-44E0-BB0C-3FC24ECB9ECD}.Debug|Any CPU.ActiveCfg = Debug|Any CPU
		{D4EA4257-315C-44E0-BB0C-3FC24ECB9ECD}.Debug|Any CPU.Build.0 = Debug|Any CPU
		{D4EA4257-315C-44E0-BB0C-3FC24ECB9ECD}.DebugCoreFramework|Any CPU.ActiveCfg = Debug|Any CPU
		{D4EA4257-315C-44E0-BB0C-3FC24ECB9ECD}.DebugCoreFramework|Any CPU.Build.0 = Debug|Any CPU
		{D4EA4257-315C-44E0-BB0C-3FC24ECB9ECD}.DebugOptimized|Any CPU.ActiveCfg = Debug|Any CPU
		{D4EA4257-315C-44E0-BB0C-3FC24ECB9ECD}.DebugOptimized|Any CPU.Build.0 = Debug|Any CPU
		{D4EA4257-315C-44E0-BB0C-3FC24ECB9ECD}.DebugScienceAnalytics|Any CPU.ActiveCfg = Debug|Any CPU
		{D4EA4257-315C-44E0-BB0C-3FC24ECB9ECD}.DebugScienceAnalytics|Any CPU.Build.0 = Debug|Any CPU
		{D4EA4257-315C-44E0-BB0C-3FC24ECB9ECD}.Release|Any CPU.ActiveCfg = Release|Any CPU
		{D4EA4257-315C-44E0-BB0C-3FC24ECB9ECD}.Release|Any CPU.Build.0 = Release|Any CPU
		{D4EA4257-315C-44E0-BB0C-3FC24ECB9ECD}.test|Any CPU.ActiveCfg = Release|Any CPU
		{D4EA4257-315C-44E0-BB0C-3FC24ECB9ECD}.test|Any CPU.Build.0 = Release|Any CPU
		{3B532B56-5D18-4D0E-B6BA-1DE205605307}.Debug|Any CPU.ActiveCfg = Debug|Any CPU
		{3B532B56-5D18-4D0E-B6BA-1DE205605307}.Debug|Any CPU.Build.0 = Debug|Any CPU
		{3B532B56-5D18-4D0E-B6BA-1DE205605307}.DebugCoreFramework|Any CPU.ActiveCfg = Debug|Any CPU
		{3B532B56-5D18-4D0E-B6BA-1DE205605307}.DebugCoreFramework|Any CPU.Build.0 = Debug|Any CPU
		{3B532B56-5D18-4D0E-B6BA-1DE205605307}.DebugOptimized|Any CPU.ActiveCfg = Debug|Any CPU
		{3B532B56-5D18-4D0E-B6BA-1DE205605307}.DebugOptimized|Any CPU.Build.0 = Debug|Any CPU
		{3B532B56-5D18-4D0E-B6BA-1DE205605307}.DebugScienceAnalytics|Any CPU.ActiveCfg = Debug|Any CPU
		{3B532B56-5D18-4D0E-B6BA-1DE205605307}.DebugScienceAnalytics|Any CPU.Build.0 = Debug|Any CPU
		{3B532B56-5D18-4D0E-B6BA-1DE205605307}.Release|Any CPU.ActiveCfg = Release|Any CPU
		{3B532B56-5D18-4D0E-B6BA-1DE205605307}.Release|Any CPU.Build.0 = Release|Any CPU
		{3B532B56-5D18-4D0E-B6BA-1DE205605307}.test|Any CPU.ActiveCfg = Release|Any CPU
		{3B532B56-5D18-4D0E-B6BA-1DE205605307}.test|Any CPU.Build.0 = Release|Any CPU
		{DD2C4D78-77E8-480B-A0A2-B51A6BF3808E}.Debug|Any CPU.ActiveCfg = Debug|Any CPU
		{DD2C4D78-77E8-480B-A0A2-B51A6BF3808E}.Debug|Any CPU.Build.0 = Debug|Any CPU
		{DD2C4D78-77E8-480B-A0A2-B51A6BF3808E}.DebugCoreFramework|Any CPU.ActiveCfg = Debug|Any CPU
		{DD2C4D78-77E8-480B-A0A2-B51A6BF3808E}.DebugOptimized|Any CPU.ActiveCfg = Debug|Any CPU
		{DD2C4D78-77E8-480B-A0A2-B51A6BF3808E}.DebugScienceAnalytics|Any CPU.ActiveCfg = Debug|Any CPU
		{DD2C4D78-77E8-480B-A0A2-B51A6BF3808E}.Release|Any CPU.ActiveCfg = Release|Any CPU
		{DD2C4D78-77E8-480B-A0A2-B51A6BF3808E}.Release|Any CPU.Build.0 = Release|Any CPU
		{DD2C4D78-77E8-480B-A0A2-B51A6BF3808E}.test|Any CPU.ActiveCfg = Release|Any CPU
		{DD2C4D78-77E8-480B-A0A2-B51A6BF3808E}.test|Any CPU.Build.0 = Release|Any CPU
		{3F7D6E9B-9442-47DB-AC2E-3BFE38E644D5}.Debug|Any CPU.ActiveCfg = Debug|Any CPU
		{3F7D6E9B-9442-47DB-AC2E-3BFE38E644D5}.Debug|Any CPU.Build.0 = Debug|Any CPU
		{3F7D6E9B-9442-47DB-AC2E-3BFE38E644D5}.DebugCoreFramework|Any CPU.ActiveCfg = Debug|Any CPU
		{3F7D6E9B-9442-47DB-AC2E-3BFE38E644D5}.DebugCoreFramework|Any CPU.Build.0 = Debug|Any CPU
		{3F7D6E9B-9442-47DB-AC2E-3BFE38E644D5}.DebugOptimized|Any CPU.ActiveCfg = Debug|Any CPU
		{3F7D6E9B-9442-47DB-AC2E-3BFE38E644D5}.DebugOptimized|Any CPU.Build.0 = Debug|Any CPU
		{3F7D6E9B-9442-47DB-AC2E-3BFE38E644D5}.DebugScienceAnalytics|Any CPU.ActiveCfg = Debug|Any CPU
		{3F7D6E9B-9442-47DB-AC2E-3BFE38E644D5}.DebugScienceAnalytics|Any CPU.Build.0 = Debug|Any CPU
		{3F7D6E9B-9442-47DB-AC2E-3BFE38E644D5}.Release|Any CPU.ActiveCfg = Release|Any CPU
		{3F7D6E9B-9442-47DB-AC2E-3BFE38E644D5}.Release|Any CPU.Build.0 = Release|Any CPU
		{3F7D6E9B-9442-47DB-AC2E-3BFE38E644D5}.test|Any CPU.ActiveCfg = Release|Any CPU
		{3F7D6E9B-9442-47DB-AC2E-3BFE38E644D5}.test|Any CPU.Build.0 = Release|Any CPU
		{987FC11E-7199-4720-8BAD-9A5E152499E9}.Debug|Any CPU.ActiveCfg = Debug|Any CPU
		{987FC11E-7199-4720-8BAD-9A5E152499E9}.Debug|Any CPU.Build.0 = Debug|Any CPU
		{987FC11E-7199-4720-8BAD-9A5E152499E9}.DebugCoreFramework|Any CPU.ActiveCfg = Debug|Any CPU
		{987FC11E-7199-4720-8BAD-9A5E152499E9}.DebugCoreFramework|Any CPU.Build.0 = Debug|Any CPU
		{987FC11E-7199-4720-8BAD-9A5E152499E9}.DebugOptimized|Any CPU.ActiveCfg = Debug|Any CPU
		{987FC11E-7199-4720-8BAD-9A5E152499E9}.DebugOptimized|Any CPU.Build.0 = Debug|Any CPU
		{987FC11E-7199-4720-8BAD-9A5E152499E9}.DebugScienceAnalytics|Any CPU.ActiveCfg = Debug|Any CPU
		{987FC11E-7199-4720-8BAD-9A5E152499E9}.DebugScienceAnalytics|Any CPU.Build.0 = Debug|Any CPU
		{987FC11E-7199-4720-8BAD-9A5E152499E9}.Release|Any CPU.ActiveCfg = Release|Any CPU
		{987FC11E-7199-4720-8BAD-9A5E152499E9}.Release|Any CPU.Build.0 = Release|Any CPU
		{987FC11E-7199-4720-8BAD-9A5E152499E9}.test|Any CPU.ActiveCfg = Release|Any CPU
		{987FC11E-7199-4720-8BAD-9A5E152499E9}.test|Any CPU.Build.0 = Release|Any CPU
		{AEA3D3AD-56C4-4811-806B-DE563E248138}.Debug|Any CPU.ActiveCfg = Debug|Any CPU
		{AEA3D3AD-56C4-4811-806B-DE563E248138}.Debug|Any CPU.Build.0 = Debug|Any CPU
		{AEA3D3AD-56C4-4811-806B-DE563E248138}.DebugCoreFramework|Any CPU.ActiveCfg = Debug|Any CPU
		{AEA3D3AD-56C4-4811-806B-DE563E248138}.DebugCoreFramework|Any CPU.Build.0 = Debug|Any CPU
		{AEA3D3AD-56C4-4811-806B-DE563E248138}.DebugOptimized|Any CPU.ActiveCfg = Debug|Any CPU
		{AEA3D3AD-56C4-4811-806B-DE563E248138}.DebugOptimized|Any CPU.Build.0 = Debug|Any CPU
		{AEA3D3AD-56C4-4811-806B-DE563E248138}.DebugScienceAnalytics|Any CPU.ActiveCfg = Debug|Any CPU
		{AEA3D3AD-56C4-4811-806B-DE563E248138}.DebugScienceAnalytics|Any CPU.Build.0 = Debug|Any CPU
		{AEA3D3AD-56C4-4811-806B-DE563E248138}.Release|Any CPU.ActiveCfg = Release|Any CPU
		{AEA3D3AD-56C4-4811-806B-DE563E248138}.Release|Any CPU.Build.0 = Release|Any CPU
		{AEA3D3AD-56C4-4811-806B-DE563E248138}.test|Any CPU.ActiveCfg = Release|Any CPU
		{AEA3D3AD-56C4-4811-806B-DE563E248138}.test|Any CPU.Build.0 = Release|Any CPU
		{A7FF5A94-F239-464F-BE76-4F93E071044A}.Debug|Any CPU.ActiveCfg = Debug|Any CPU
		{A7FF5A94-F239-464F-BE76-4F93E071044A}.Debug|Any CPU.Build.0 = Debug|Any CPU
		{A7FF5A94-F239-464F-BE76-4F93E071044A}.DebugCoreFramework|Any CPU.ActiveCfg = Debug|Any CPU
		{A7FF5A94-F239-464F-BE76-4F93E071044A}.DebugCoreFramework|Any CPU.Build.0 = Debug|Any CPU
		{A7FF5A94-F239-464F-BE76-4F93E071044A}.DebugOptimized|Any CPU.ActiveCfg = Debug|Any CPU
		{A7FF5A94-F239-464F-BE76-4F93E071044A}.DebugOptimized|Any CPU.Build.0 = Debug|Any CPU
		{A7FF5A94-F239-464F-BE76-4F93E071044A}.DebugScienceAnalytics|Any CPU.ActiveCfg = Debug|Any CPU
		{A7FF5A94-F239-464F-BE76-4F93E071044A}.DebugScienceAnalytics|Any CPU.Build.0 = Debug|Any CPU
		{A7FF5A94-F239-464F-BE76-4F93E071044A}.Release|Any CPU.ActiveCfg = Release|Any CPU
		{A7FF5A94-F239-464F-BE76-4F93E071044A}.Release|Any CPU.Build.0 = Release|Any CPU
		{A7FF5A94-F239-464F-BE76-4F93E071044A}.test|Any CPU.ActiveCfg = Release|Any CPU
		{A7FF5A94-F239-464F-BE76-4F93E071044A}.test|Any CPU.Build.0 = Release|Any CPU
		{AB145693-D96C-43DD-9573-CA7BE27625D4}.Debug|Any CPU.ActiveCfg = Debug|Any CPU
		{AB145693-D96C-43DD-9573-CA7BE27625D4}.DebugCoreFramework|Any CPU.ActiveCfg = Debug|Any CPU
		{AB145693-D96C-43DD-9573-CA7BE27625D4}.DebugCoreFramework|Any CPU.Build.0 = Debug|Any CPU
		{AB145693-D96C-43DD-9573-CA7BE27625D4}.DebugOptimized|Any CPU.ActiveCfg = Debug|Any CPU
		{AB145693-D96C-43DD-9573-CA7BE27625D4}.DebugOptimized|Any CPU.Build.0 = Debug|Any CPU
		{AB145693-D96C-43DD-9573-CA7BE27625D4}.DebugScienceAnalytics|Any CPU.ActiveCfg = Debug|Any CPU
		{AB145693-D96C-43DD-9573-CA7BE27625D4}.DebugScienceAnalytics|Any CPU.Build.0 = Debug|Any CPU
		{AB145693-D96C-43DD-9573-CA7BE27625D4}.Release|Any CPU.ActiveCfg = Release|Any CPU
		{AB145693-D96C-43DD-9573-CA7BE27625D4}.test|Any CPU.ActiveCfg = Release|Any CPU
		{7E75CCB0-09C8-477A-8BD7-36B1814429EC}.Debug|Any CPU.ActiveCfg = Debug|Any CPU
		{7E75CCB0-09C8-477A-8BD7-36B1814429EC}.Debug|Any CPU.Build.0 = Debug|Any CPU
		{7E75CCB0-09C8-477A-8BD7-36B1814429EC}.DebugCoreFramework|Any CPU.ActiveCfg = Debug|Any CPU
		{7E75CCB0-09C8-477A-8BD7-36B1814429EC}.DebugCoreFramework|Any CPU.Build.0 = Debug|Any CPU
		{7E75CCB0-09C8-477A-8BD7-36B1814429EC}.DebugOptimized|Any CPU.ActiveCfg = Debug|Any CPU
		{7E75CCB0-09C8-477A-8BD7-36B1814429EC}.DebugOptimized|Any CPU.Build.0 = Debug|Any CPU
		{7E75CCB0-09C8-477A-8BD7-36B1814429EC}.DebugScienceAnalytics|Any CPU.ActiveCfg = Debug|Any CPU
		{7E75CCB0-09C8-477A-8BD7-36B1814429EC}.DebugScienceAnalytics|Any CPU.Build.0 = Debug|Any CPU
		{7E75CCB0-09C8-477A-8BD7-36B1814429EC}.Release|Any CPU.ActiveCfg = Release|Any CPU
		{7E75CCB0-09C8-477A-8BD7-36B1814429EC}.Release|Any CPU.Build.0 = Release|Any CPU
		{7E75CCB0-09C8-477A-8BD7-36B1814429EC}.test|Any CPU.ActiveCfg = Release|Any CPU
		{7E75CCB0-09C8-477A-8BD7-36B1814429EC}.test|Any CPU.Build.0 = Release|Any CPU
	EndGlobalSection
	GlobalSection(SolutionProperties) = preSolution
		HideSolutionNode = FALSE
	EndGlobalSection
	GlobalSection(ExtensibilityGlobals) = postSolution
		SolutionGuid = {C7B50DF5-93BA-4B4B-89C5-100BBCB86FAD}
	EndGlobalSection
EndGlobal
